
Microsoft Visual Studio Solution File, Format Version 12.00
# Visual Studio Version 17
VisualStudioVersion = 17.13.35931.197 d17.13
MinimumVisualStudioVersion = 10.0.40219.1
Project("{8BC9CEB8-8B4A-11D0-8D11-00A0C91BC942}") = "Feladat2", "Feladat2\Feladat2.vcxproj", "{2C693B5D-CE92-4F1D-8BD0-D74AFD85936B}"
EndProject
Global
	GlobalSection(SolutionConfigurationPlatforms) = preSolution
		Debug|x64 = Debug|x64
		Debug|x86 = Debug|x86
		Release|x64 = Release|x64
		Release|x86 = Release|x86
	EndGlobalSection
	GlobalSection(ProjectConfigurationPlatforms) = postSolution
		{2C693B5D-CE92-4F1D-8BD0-D74AFD85936B}.Debug|x64.ActiveCfg = Debug|x64
		{2C693B5D-CE92-4F1D-8BD0-D74AFD85936B}.Debug|x64.Build.0 = Debug|x64
		{2C693B5D-CE92-4F1D-8BD0-D74AFD85936B}.Debug|x86.ActiveCfg = Debug|Win32
		{2C693B5D-CE92-4F1D-8BD0-D74AFD85936B}.Debug|x86.Build.0 = Debug|Win32
		{2C693B5D-CE92-4F1D-8BD0-D74AFD85936B}.Release|x64.ActiveCfg = Release|x64
		{2C693B5D-CE92-4F1D-8BD0-D74AFD85936B}.Release|x64.Build.0 = Release|x64
		{2C693B5D-CE92-4F1D-8BD0-D74AFD85936B}.Release|x86.ActiveCfg = Release|Win32
		{2C693B5D-CE92-4F1D-8BD0-D74AFD85936B}.Release|x86.Build.0 = Release|Win32
	EndGlobalSection
	GlobalSection(SolutionProperties) = preSolution
		HideSolutionNode = FALSE
	EndGlobalSection
	GlobalSection(ExtensibilityGlobals) = postSolution
		SolutionGuid = {74CA8D86-0005-4EA3-ABB6-E73F9FB11B4D}
	EndGlobalSection
EndGlobal
